{
  "name": "clavertap",
  "lockfileVersion": 2,
  "requires": true,
  "packages": {
    "": {
      "dependencies": {
        "clevertap-web-sdk": "^1.6.10"
      }
    },
    "node_modules/clevertap-web-sdk": {
      "version": "1.6.10",
      "resolved": "https://registry.npmjs.org/clevertap-web-sdk/-/clevertap-web-sdk-1.6.10.tgz",
      "integrity": "sha512-d4kLX3kBNP7OUngt2SpDCv3qZsrIWSCWg725E8AtfYWhpgb8NN9FLJq5pmrVeRsagE0G5BRDfutmPIJ6vsleMg=="
    }
  },
  "dependencies": {
    "clevertap-web-sdk": {
      "version": "1.6.10",
      "resolved": "https://registry.npmjs.org/clevertap-web-sdk/-/clevertap-web-sdk-1.6.10.tgz",
      "integrity": "sha512-d4kLX3kBNP7OUngt2SpDCv3qZsrIWSCWg725E8AtfYWhpgb8NN9FLJq5pmrVeRsagE0G5BRDfutmPIJ6vsleMg=="
    }
  }
}
